{
  "name": "prototipo-ocorrencias",
  "lockfileVersion": 3,
  "requires": true,
  "packages": {
    "": {
      "name": "prototipo-ocorrencias",
      "dependencies": {
        "clsx": "^2.1.1",
        "lucide-vue-next": "^0.525.0",
        "tailwind-merge": "^3.5.0",
        "vue": "^3.5.13",
        "vue-router": "^4.5.0"
      },
      "devDependencies": {
        "@tailwindcss/vite": "^4.2.1",
        "@types/node": "^26.0.0",
        "@vitejs/plugin-vue": "^5.2.1",
        "tailwindcss": "^4.2.1",
        "tw-animate-css": "^1.3.4",
        "typescript": "^5.8.3",
        "vite": "^6.3.5",
        "vite-tsconfig-paths": "^6.0.2",
        "vue-tsc": "^2.2.10"
      }
    },
    "node_modules/@babel/helper-string-parser": {
      "version": "7.29.7",
      "resolved": "https://registry.npmjs.org/@babel/helper-string-parser/-/helper-string-parser-7.29.7.tgz",
      "integrity": "sha512-Pb5ijPrZ89GDH8223L4UP8i6QApWxs04RbPQJTeWDV0/keR2E36MeKnyr6LYmUUvqRRI+Iv87SuF1W6ErINzYw==",
      "license": "MIT",
      "engines": {
        "node": ">=6.9.0"
      }
    }
  }
}
